// !$*UTF8*$!
{
	archiveVersion = 1;
	classes = {
	};
	objectVersion = 46;
	objects = {

/* Begin PBXBuildFile section */
		0FED14431B44FFAE005C819D /* main.m in Sources */ = {isa = PBXBuildFile; fileRef = 0FED14421B44FFAE005C819D /* main.m */; };
		0FED14461B44FFAE005C819D /* AppDelegate.m in Sources */ = {isa = PBXBuildFile; fileRef = 0FED14451B44FFAE005C819D /* AppDelegate.m */; };
		0FED14491B44FFAE005C819D /* ViewController.m in Sources */ = {isa = PBXBuildFile; fileRef = 0FED14481B44FFAE005C819D /* ViewController.m */; };
		0FED144C1B44FFAE005C819D /* Main.storyboard in Resources */ = {isa = PBXBuildFile; fileRef = 0FED144A1B44FFAE005C819D /* Main.storyboard */; };
		0FED144E1B44FFAE005C819D /* Images.xcassets in Resources */ = {isa = PBXBuildFile; fileRef = 0FED144D1B44FFAE005C819D /* Images.xcassets */; };
		0FED14511B44FFAE005C819D /* LaunchScreen.xib in Resources */ = {isa = PBXBuildFile; fileRef = 0FED144F1B44FFAE005C819D /* LaunchScreen.xib */; };
		0FED145D1B44FFAE005C819D /* CubeTests.m in Sources */ = {isa = PBXBuildFile; fileRef = 0FED145C1B44FFAE005C819D /* CubeTests.m */; };
/* End PBXBuildFile section */

/* Begin PBXContainerItemProxy section */
		0FED14571B44FFAE005C819D /* PBXContainerItemProxy */ = {
			isa = PBXContainerItemProxy;
			containerPortal = 0FED14351B44FFAD005C819D /* Project object */;
			proxyType = 1;
			remoteGlobalIDString = 0FED143C1B44FFAE005C819D;
			remoteInfo = Cube;
		};
/* End PBXContainerItemProxy section */

/* Begin PBXFileReference section */
		0FED143D1B44FFAE005C819D /* Cube.app */ = {isa = PBXFileReference; explicitFileType = wrapper.application; includeInIndex = 0; path = Cube.app; sourceTree = BUILT_PRODUCTS_DIR; };
		0FED14411B44FFAE005C819D /* Info.plist */ = {isa = PBXFileReference; lastKnownFileType = text.plist.xml; path = Info.plist; sourceTree = "<group>"; };
		0FED14421B44FFAE005C819D /* main.m */ = {isa = PBXFileReference; lastKnownFileType = sourcecode.c.objc; path = main.m; sourceTree = "<group>"; };
		0FED14441B44FFAE005C819D /* AppDelegate.h */ = {isa = PBXFileReference; lastKnownFileType = sourcecode.c.h; path = AppDelegate.h; sourceTree = "<group>"; };
		0FED14451B44FFAE005C819D /* AppDelegate.m */ = {isa = PBXFileReference; lastKnownFileType = sourcecode.c.objc; path = AppDelegate.m; sourceTree = "<group>"; };
		0FED14471B44FFAE005C819D /* ViewController.h */ = {isa = PBXFileReference; lastKnownFileType = sourcecode.c.h; path = ViewController.h; sourceTree = "<group>"; };
		0FED14481B44FFAE005C819D /* ViewController.m */ = {isa = PBXFileReference; lastKnownFileType = sourcecode.c.objc; path = ViewController.m; sourceTree = "<group>"; };
		0FED144B1B44FFAE005C819D /* Base */ = {isa = PBXFileReference; lastKnownFileType = file.storyboard; name = Base; path = Base.lproj/Main.storyboard; sourceTree = "<group>"; };
		0FED144D1B44FFAE005C819D /* Images.xcassets */ = {isa = PBXFileReference; lastKnownFileType = folder.assetcatalog; path = Images.xcassets; sourceTree = "<group>"; };
		0FED14501B44FFAE005C819D /* Base */ = {isa = PBXFileReference; lastKnownFileType = file.xib; name = Base; path = Base.lproj/LaunchScreen.xib; sourceTree = "<group>"; };
		0FED14561B44FFAE005C819D /* CubeTests.xctest */ = {isa = PBXFileReference; explicitFileType = wrapper.cfbundle; includeInIndex = 0; path = CubeTests.xctest; sourceTree = BUILT_PRODUCTS_DIR; };
		0FED145B1B44FFAE005C819D /* Info.plist */ = {isa = PBXFileReference; lastKnownFileType = text.plist.xml; path = Info.plist; sourceTree = "<group>"; };
		0FED145C1B44FFAE005C819D /* CubeTests.m */ = {isa = PBXFileReference; lastKnownFileType = sourcecode.c.objc; path = CubeTests.m; sourceTree = "<group>"; };
/* End PBXFileReference section */

/* Begin PBXFrameworksBuildPhase section */
		0FED143A1B44FFAE005C819D /* Frameworks */ = {
			isa = PBXFrameworksBuildPhase;
			buildActionMask = 2147483647;
			files = (
			);
			runOnlyForDeploymentPostprocessing = 0;
		};
		0FED14531B44FFAE005C819D /* Frameworks */ = {
			isa = PBXFrameworksBuildPhase;
			buildActionMask = 2147483647;
			files = (
			);
			runOnlyForDeploymentPostprocessing = 0;
		};
/* End PBXFrameworksBuildPhase section */

/* Begin PBXGroup section */
		0FED14341B44FFAD005C819D = {
			isa = PBXGroup;
			children = (
				0FED143F1B44FFAE005C819D /* Cube */,
				0FED14591B44FFAE005C819D /* CubeTests */,
				0FED143E1B44FFAE005C819D /* Products */,
			);
			sourceTree = "<group>";
		};
		0FED143E1B44FFAE005C819D /* Products */ = {
			isa = PBXGroup;
			children = (
				0FED143D1B44FFAE005C819D /* Cube.app */,
				0FED14561B44FFAE005C819D /* CubeTests.xctest */,
			);
			name = Products;
			sourceTree = "<group>";
		};
		0FED143F1B44FFAE005C819D /* Cube */ = {
			isa = PBXGroup;
			children = (
				0FED14441B44FFAE005C819D /* AppDelegate.h */,
				0FED14451B44FFAE005C819D /* AppDelegate.m */,
				0FED14471B44FFAE005C819D /* ViewController.h */,
				0FED14481B44FFAE005C819D /* ViewController.m */,
				0FED144A1B44FFAE005C819D /* Main.storyboard */,
				0FED144D1B44FFAE005C819D /* Images.xcassets */,
				0FED144F1B44FFAE005C819D /* LaunchScreen.xib */,
				0FED14401B44FFAE005C819D /* Supporting Files */,
			);
			path = Cube;
			sourceTree = "<group>";
		};
		0FED14401B44FFAE005C819D /* Supporting Files */ = {
			isa = PBXGroup;
			children = (
				0FED14411B44FFAE005C819D /* Info.plist */,
				0FED14421B44FFAE005C819D /* main.m */,
			);
			name = "Supporting Files";
			sourceTree = "<group>";
		};
		0FED14591B44FFAE005C819D /* CubeTests */ = {
			isa = PBXGroup;
			children = (
				0FED145C1B44FFAE005C819D /* CubeTests.m */,
				0FED145A1B44FFAE005C819D /* Supporting Files */,
			);
			path = CubeTests;
			sourceTree = "<group>";
		};
		0FED145A1B44FFAE005C819D /* Supporting Files */ = {
			isa = PBXGroup;
			children = (
				0FED145B1B44FFAE005C819D /* Info.plist */,
			);
			name = "Supporting Files";
			sourceTree = "<group>";
		};
/* End PBXGroup section */

/* Begin PBXNativeTarget section */
		0FED143C1B44FFAE005C819D /* Cube */ = {
			isa = PBXNativeTarget;
			buildConfigurationList = 0FED14601B44FFAE005C819D /* Build configuration list for PBXNativeTarget "Cube" */;
			buildPhases = (
				0FED14391B44FFAE005C819D /* Sources */,
				0FED143A1B44FFAE005C819D /* Frameworks */,
				0FED143B1B44FFAE005C819D /* Resources */,
			);
			buildRules = (
			);
			dependencies = (
			);
			name = Cube;
			productName = Cube;
			productReference = 0FED143D1B44FFAE005C819D /* Cube.app */;
			productType = "com.apple.product-type.application";
		};
		0FED14551B44FFAE005C819D /* CubeTests */ = {
			isa = PBXNativeTarget;
			buildConfigurationList = 0FED14631B44FFAE005C819D /* Build configuration list for PBXNativeTarget "CubeTests" */;
			buildPhases = (
				0FED14521B44FFAE005C819D /* Sources */,
				0FED14531B44FFAE005C819D /* Frameworks */,
				0FED14541B44FFAE005C819D /* Resources */,
			);
			buildRules = (
			);
			dependencies = (
				0FED14581B44FFAE005C819D /* PBXTargetDependency */,
			);
			name = CubeTests;
			productName = CubeTests;
			productReference = 0FED14561B44FFAE005C819D /* CubeTests.xctest */;
			productType = "com.apple.product-type.bundle.unit-test";
		};
/* End PBXNativeTarget section */

/* Begin PBXProject section */
		0FED14351B44FFAD005C819D /* Project object */ = {
			isa = PBXProject;
			attributes = {
				LastUpgradeCheck = 0630;
				ORGANIZATIONNAME = "Custom Furniish";
				TargetAttributes = {
					0FED143C1B44FFAE005C819D = {
						CreatedOnToolsVersion = 6.3.1;
					};
					0FED14551B44FFAE005C819D = {
						CreatedOnToolsVersion = 6.3.1;
						TestTargetID = 0FED143C1B44FFAE005C819D;
					};
				};
			};
			buildConfigurationList = 0FED14381B44FFAD005C819D /* Build configuration list for PBXProject "Cube" */;
			compatibilityVersion = "Xcode 3.2";
			developmentRegion = English;
			hasScannedForEncodings = 0;
			knownRegions = (
				en,
				Base,
			);
			mainGroup = 0FED14341B44FFAD005C819D;
			productRefGroup = 0FED143E1B44FFAE005C819D /* Products */;
			projectDirPath = "";
			projectRoot = "";
			targets = (
				0FED143C1B44FFAE005C819D /* Cube */,
				0FED14551B44FFAE005C819D /* CubeTests */,
			);
		};
/* End PBXProject section */

/* Begin PBXResourcesBuildPhase section */
		0FED143B1B44FFAE005C819D /* Resources */ = {
			isa = PBXResourcesBuildPhase;
			buildActionMask = 2147483647;
			files = (
				0FED144C1B44FFAE005C819D /* Main.storyboard in Resources */,
				0FED14511B44FFAE005C819D /* LaunchScreen.xib in Resources */,
				0FED144E1B44FFAE005C819D /* Images.xcassets in Resources */,
			);
			runOnlyForDeploymentPostprocessing = 0;
		};
		0FED14541B44FFAE005C819D /* Resources */ = {
			isa = PBXResourcesBuildPhase;
			buildActionMask = 2147483647;
			files = (
			);
			runOnlyForDeploymentPostprocessing = 0;
		};
/* End PBXResourcesBuildPhase section */

/* Begin PBXSourcesBuildPhase section */
		0FED14391B44FFAE005C819D /* Sources */ = {
			isa = PBXSourcesBuildPhase;
			buildActionMask = 2147483647;
			files = (
				0FED14491B44FFAE005C819D /* ViewController.m in Sources */,
				0FED14461B44FFAE005C819D /* AppDelegate.m in Sources */,
				0FED14431B44FFAE005C819D /* main.m in Sources */,
			);
			runOnlyForDeploymentPostprocessing = 0;
		};
		0FED14521B44FFAE005C819D /* Sources */ = {
			isa = PBXSourcesBuildPhase;
			buildActionMask = 2147483647;
			files = (
				0FED145D1B44FFAE005C819D /* CubeTests.m in Sources */,
			);
			runOnlyForDeploymentPostprocessing = 0;
		};
/* End PBXSourcesBuildPhase section */

/* Begin PBXTargetDependency section */
		0FED14581B44FFAE005C819D /* PBXTargetDependency */ = {
			isa = PBXTargetDependency;
			target = 0FED143C1B44FFAE005C819D /* Cube */;
			targetProxy = 0FED14571B44FFAE005C819D /* PBXContainerItemProxy */;
		};
/* End PBXTargetDependency section */

/* Begin PBXVariantGroup section */
		0FED144A1B44FFAE005C819D /* Main.storyboard */ = {
			isa = PBXVariantGroup;
			children = (
				0FED144B1B44FFAE005C819D /* Base */,
			);
			name = Main.storyboard;
			sourceTree = "<group>";
		};
		0FED144F1B44FFAE005C819D /* LaunchScreen.xib */ = {
			isa = PBXVariantGroup;
			children = (
				0FED14501B44FFAE005C819D /* Base */,
			);
			name = LaunchScreen.xib;
			sourceTree = "<group>";
		};
/* End PBXVariantGroup section */

/* Begin XCBuildConfiguration section */
		0FED145E1B44FFAE005C819D /* Debug */ = {
			isa = XCBuildConfiguration;
			buildSettings = {
				ALWAYS_SEARCH_USER_PATHS = NO;
				CLANG_CXX_LANGUAGE_STANDARD = "gnu++0x";
				CLANG_CXX_LIBRARY = "libc++";
				CLANG_ENABLE_MODULES = YES;
				CLANG_ENABLE_OBJC_ARC = YES;
				CLANG_WARN_BOOL_CONVERSION = YES;
				CLANG_WARN_CONSTANT_CONVERSION = YES;
				CLANG_WARN_DIRECT_OBJC_ISA_USAGE = YES_ERROR;
				CLANG_WARN_EMPTY_BODY = YES;
				CLANG_WARN_ENUM_CONVERSION = YES;
				CLANG_WARN_INT_CONVERSION = YES;
				CLANG_WARN_OBJC_ROOT_CLASS = YES_ERROR;
				CLANG_WARN_UNREACHABLE_CODE = YES;
				CLANG_WARN__DUPLICATE_METHOD_MATCH = YES;
				"CODE_SIGN_IDENTITY[sdk=iphoneos*]" = "iPhone Developer";
				COPY_PHASE_STRIP = NO;
				DEBUG_INFORMATION_FORMAT = "dwarf-with-dsym";
				ENABLE_STRICT_OBJC_MSGSEND = YES;
				GCC_C_LANGUAGE_STANDARD = gnu99;
				GCC_DYNAMIC_NO_PIC = NO;
				GCC_NO_COMMON_BLOCKS = YES;
				GCC_OPTIMIZATION_LEVEL = 0;
				GCC_PREPROCESSOR_DEFINITIONS = (
					"DEBUG=1",
					"$(inherited)",
				);
				GCC_SYMBOLS_PRIVATE_EXTERN = NO;
				GCC_WARN_64_TO_32_BIT_CONVERSION = YES;
				GCC_WARN_ABOUT_RETURN_TYPE = YES_ERROR;
				GCC_WARN_UNDECLARED_SELECTOR = YES;
				GCC_WARN_UNINITIALIZED_AUTOS = YES_AGGRESSIVE;
				GCC_WARN_UNUSED_FUNCTION = YES;
				GCC_WARN_UNUSED_VARIABLE = YES;
				IPHONEOS_DEPLOYMENT_TARGET = 8.3;
				MTL_ENABLE_DEBUG_INFO = YES;
				ONLY_ACTIVE_ARCH = YES;
				SDKROOT = iphoneos;
			};
			name = Debug;
		};
		0FED145F1B44FFAE005C819D /* Release */ = {
			isa = XCBuildConfiguration;
			buildSettings = {
				ALWAYS_SEARCH_USER_PATHS = NO;
				CLANG_CXX_LANGUAGE_STANDARD = "gnu++0x";
				CLANG_CXX_LIBRARY = "libc++";
				CLANG_ENABLE_MODULES = YES;
				CLANG_ENABLE_OBJC_ARC = YES;
				CLANG_WARN_BOOL_CONVERSION = YES;
				CLANG_WARN_CONSTANT_CONVERSION = YES;
				CLANG_WARN_DIRECT_OBJC_ISA_USAGE = YES_ERROR;
				CLANG_WARN_EMPTY_BODY = YES;
				CLANG_WARN_ENUM_CONVERSION = YES;
				CLANG_WARN_INT_CONVERSION = YES;
				CLANG_WARN_OBJC_ROOT_CLASS = YES_ERROR;
				CLANG_WARN_UNREACHABLE_CODE = YES;
				CLANG_WARN__DUPLICATE_METHOD_MATCH = YES;
				"CODE_SIGN_IDENTITY[sdk=iphoneos*]" = "iPhone Developer";
				COPY_PHASE_STRIP = NO;
				DEBUG_INFORMATION_FORMAT = "dwarf-with-dsym";
				ENABLE_NS_ASSERTIONS = NO;
				ENABLE_STRICT_OBJC_MSGSEND = YES;
				GCC_C_LANGUAGE_STANDARD = gnu99;
				GCC_NO_COMMON_BLOCKS = YES;
				GCC_WARN_64_TO_32_BIT_CONVERSION = YES;
				GCC_WARN_ABOUT_RETURN_TYPE = YES_ERROR;
				GCC_WARN_UNDECLARED_SELECTOR = YES;
				GCC_WARN_UNINITIALIZED_AUTOS = YES_AGGRESSIVE;
				GCC_WARN_UNUSED_FUNCTION = YES;
				GCC_WARN_UNUSED_VARIABLE = YES;
				IPHONEOS_DEPLOYMENT_TARGET = 8.3;
				MTL_ENABLE_DEBUG_INFO = NO;
				SDKROOT = iphoneos;
				VALIDATE_PRODUCT = YES;
			};
			name = Release;
		};
		0FED14611B44FFAE005C819D /* Debug */ = {
			isa = XCBuildConfiguration;
			buildSettings = {
				ASSETCATALOG_COMPILER_APPICON_NAME = AppIcon;
				INFOPLIST_FILE = Cube/Info.plist;
				LD_RUNPATH_SEARCH_PATHS = "$(inherited) @executable_path/Frameworks";
				PRODUCT_NAME = "$(TARGET_NAME)";
			};
			name = Debug;
		};
		0FED14621B44FFAE005C819D /* Release */ = {
			isa = XCBuildConfiguration;
			buildSettings = {
				ASSETCATALOG_COMPILER_APPICON_NAME = AppIcon;
				INFOPLIST_FILE = Cube/Info.plist;
				LD_RUNPATH_SEARCH_PATHS = "$(inherited) @executable_path/Frameworks";
				PRODUCT_NAME = "$(TARGET_NAME)";
			};
			name = Release;
		};
		0FED14641B44FFAE005C819D /* Debug */ = {
			isa = XCBuildConfiguration;
			buildSettings = {
				BUNDLE_LOADER = "$(TEST_HOST)";
				FRAMEWORK_SEARCH_PATHS = (
					"$(SDKROOT)/Developer/Library/Frameworks",
					"$(inherited)",
				);
				GCC_PREPROCESSOR_DEFINITIONS = (
					"DEBUG=1",
					"$(inherited)",
				);
				INFOPLIST_FILE = CubeTests/Info.plist;
				LD_RUNPATH_SEARCH_PATHS = "$(inherited) @executable_path/Frameworks @loader_path/Frameworks";
				PRODUCT_NAME = "$(TARGET_NAME)";
				TEST_HOST = "$(BUILT_PRODUCTS_DIR)/Cube.app/Cube";
			};
			name = Debug;
		};
		0FED14651B44FFAE005C819D /* Release */ = {
			isa = XCBuildConfiguration;
			buildSettings = {
				BUNDLE_LOADER = "$(TEST_HOST)";
				FRAMEWORK_SEARCH_PATHS = (
					"$(SDKROOT)/Developer/Library/Frameworks",
					"$(inherited)",
				);
				INFOPLIST_FILE = CubeTests/Info.plist;
				LD_RUNPATH_SEARCH_PATHS = "$(inherited) @executable_path/Frameworks @loader_path/Frameworks";
				PRODUCT_NAME = "$(TARGET_NAME)";
				TEST_HOST = "$(BUILT_PRODUCTS_DIR)/Cube.app/Cube";
			};
			name = Release;
		};
/* End XCBuildConfiguration section */

/* Begin XCConfigurationList section */
		0FED14381B44FFAD005C819D /* Build configuration list for PBXProject "Cube" */ = {
			isa = XCConfigurationList;
			buildConfigurations = (
				0FED145E1B44FFAE005C819D /* Debug */,
				0FED145F1B44FFAE005C819D /* Release */,
			);
			defaultConfigurationIsVisible = 0;
			defaultConfigurationName = Release;
		};
		0FED14601B44FFAE005C819D /* Build configuration list for PBXNativeTarget "Cube" */ = {
			isa = XCConfigurationList;
			buildConfigurations = (
				0FED14611B44FFAE005C819D /* Debug */,
				0FED14621B44FFAE005C819D /* Release */,
			);
			defaultConfigurationIsVisible = 0;
		};
		0FED14631B44FFAE005C819D /* Build configuration list for PBXNativeTarget "CubeTests" */ = {
			isa = XCConfigurationList;
			buildConfigurations = (
				0FED14641B44FFAE005C819D /* Debug */,
				0FED14651B44FFAE005C819D /* Release */,
			);
			defaultConfigurationIsVisible = 0;
		};
/* End XCConfigurationList section */
	};
	rootObject = 0FED14351B44FFAD005C819D /* Project object */;
}
